
Microsoft Visual Studio Solution File, Format Version 12.00
# Visual Studio 15
VisualStudioVersion = 15.0.27004.2006
MinimumVisualStudioVersion = 10.0.40219.1
Project("{FAE04EC0-301F-11D3-BF4B-00C04F79EFBC}") = "Jwell.ServiceManage.Application", "Jwell.ServiceManage.Application\Jwell.ServiceManage.Application.csproj", "{4B0253E9-68B8-46D5-B5F9-56B4888209AA}"
EndProject
Project("{FAE04EC0-301F-11D3-BF4B-00C04F79EFBC}") = "Jwell.ServiceManage.Domain", "Jwell.ServiceManage.Domian\Jwell.ServiceManage.Domain.csproj", "{A95FA757-B403-423C-9911-C34DDCA8AABF}"
EndProject
Project("{FAE04EC0-301F-11D3-BF4B-00C04F79EFBC}") = "Jwell.ServiceManage.Repository", "Jwell.ServiceManage.Repository\Jwell.ServiceManage.Repository.csproj", "{33AD5111-95A4-46A0-80C3-3BDA1114A497}"
EndProject
Project("{2150E333-8FDC-42A3-9474-1A3956D46DE8}") = "00_Web", "00_Web", "{F510FF2A-235A-46EF-B4E7-58F473633BF3}"
EndProject
Project("{2150E333-8FDC-42A3-9474-1A3956D46DE8}") = "01_Service", "01_Service", "{B6B043C3-41B8-46D5-8461-5F59F5EF9A4D}"
EndProject
Project("{2150E333-8FDC-42A3-9474-1A3956D46DE8}") = "02_Domain", "02_Domain", "{F9E6381E-91F4-42CF-8B65-CEBFB43FD458}"
EndProject
Project("{2150E333-8FDC-42A3-9474-1A3956D46DE8}") = "03_Reposotory", "03_Reposotory", "{03839030-EC58-4108-81F1-4D6FE6301563}"
EndProject
Project("{2150E333-8FDC-42A3-9474-1A3956D46DE8}") = "04_Integration", "04_Integration", "{D010928B-F770-427B-9069-6941A6027099}"
EndProject
Project("{2150E333-8FDC-42A3-9474-1A3956D46DE8}") = "05_Modules", "05_Modules", "{6FF21C8B-939D-4FF5-8C37-B9866A2DF26F}"
EndProject
Project("{2150E333-8FDC-42A3-9474-1A3956D46DE8}") = "06_Framework", "06_Framework", "{63348ED8-BA61-4547-94FB-1000F7900205}"
EndProject
Project("{FAE04EC0-301F-11D3-BF4B-00C04F79EFBC}") = "Jwell.ServiceManage.Integration", "Jwell.Integration\Jwell.ServiceManage.Integration.csproj", "{99F2C92A-FB51-4C14-8235-3E7825F638C9}"
EndProject
Project("{FAE04EC0-301F-11D3-BF4B-00C04F79EFBC}") = "Jwell.Modules.Configure", "Jwell.Module.Configure\Jwell.Modules.Configure.csproj", "{44D7DBE0-CBF6-47A9-A5E0-E5D3E6B04238}"
EndProject
Project("{FAE04EC0-301F-11D3-BF4B-00C04F79EFBC}") = "Jwell.Modules.WebApi", "Jwell.Module.WebApi\Jwell.Modules.WebApi.csproj", "{7BE98F2D-961D-46B1-806F-AF7896453ACA}"
EndProject
Project("{FAE04EC0-301F-11D3-BF4B-00C04F79EFBC}") = "Jwell.Modules.Cache", "Jwell.Modules.Cache\Jwell.Modules.Cache.csproj", "{44B49CD0-98BD-4284-AF33-EE7432AC986C}"
EndProject
Project("{FAE04EC0-301F-11D3-BF4B-00C04F79EFBC}") = "Jwell.Modules.Dapper", "Jwell.Modules.Dapper\Jwell.Modules.Dapper.csproj", "{281DCFAF-269D-4607-86E1-1CA8C03292DB}"
EndProject
Project("{FAE04EC0-301F-11D3-BF4B-00C04F79EFBC}") = "Jwell.Modules.DSFClient", "Jwell.Modules.DSFClient\Jwell.Modules.DSFClient.csproj", "{984D2EEE-15B4-48DA-8C39-9EFB76AEEAB4}"
EndProject
Project("{FAE04EC0-301F-11D3-BF4B-00C04F79EFBC}") = "Jwell.Modules.EntityFramework", "Jwell.Modules.EntityFramework\Jwell.Modules.EntityFramework.csproj", "{2DECB60C-B7D8-47F2-9361-5D156E307E0D}"
EndProject
Project("{FAE04EC0-301F-11D3-BF4B-00C04F79EFBC}") = "Jwell.Modules.Logger", "Jwell.Modules.Logger\Jwell.Modules.Logger.csproj", "{E8788D5D-6732-4388-B412-641F308CA8C5}"
EndProject
Project("{FAE04EC0-301F-11D3-BF4B-00C04F79EFBC}") = "Jwell.Modules.MVC", "Jwell.Modules.MVC\Jwell.Modules.MVC.csproj", "{3C17F9F5-EF6A-479F-A3FD-3ED409F4FE68}"
EndProject
Project("{FAE04EC0-301F-11D3-BF4B-00C04F79EFBC}") = "Jwell.Framework", "Jwell.Framework\Jwell.Framework.csproj", "{96A3592A-2C63-4D94-851C-96A561C73651}"
EndProject
Project("{FAE04EC0-301F-11D3-BF4B-00C04F79EFBC}") = "Jwell.ServiceManage.Web", "Jwell.ServiceManage.Web\Jwell.ServiceManage.Web.csproj", "{1154B898-6A08-46BB-BE18-7048C2D491BD}"
EndProject
Project("{FAE04EC0-301F-11D3-BF4B-00C04F79EFBC}") = "Jwell.Modules.MessageQueue", "Jwell.Modules.MessageQueue\Jwell.Modules.MessageQueue.csproj", "{B4F058D2-66D3-47C7-A36A-115B150A2C6D}"
EndProject
Project("{2150E333-8FDC-42A3-9474-1A3956D46DE8}") = "07_Test", "07_Test", "{71B7BDD4-0E84-4F0B-9899-08BA1862F129}"
EndProject
Project("{FAE04EC0-301F-11D3-BF4B-00C04F79EFBC}") = "Jwell.ServiceManage.Test", "Jwell.ServiceManage.Test\Jwell.ServiceManage.Test.csproj", "{3EA90029-7A5B-4D7A-A033-A67CBF9DAFD1}"
EndProject
Global
	GlobalSection(SolutionConfigurationPlatforms) = preSolution
		Debug|Any CPU = Debug|Any CPU
		Release|Any CPU = Release|Any CPU
	EndGlobalSection
	GlobalSection(ProjectConfigurationPlatforms) = postSolution
		{4B0253E9-68B8-46D5-B5F9-56B4888209AA}.Debug|Any CPU.ActiveCfg = Debug|Any CPU
		{4B0253E9-68B8-46D5-B5F9-56B4888209AA}.Debug|Any CPU.Build.0 = Debug|Any CPU
		{4B0253E9-68B8-46D5-B5F9-56B4888209AA}.Release|Any CPU.ActiveCfg = Release|Any CPU
		{4B0253E9-68B8-46D5-B5F9-56B4888209AA}.Release|Any CPU.Build.0 = Release|Any CPU
		{A95FA757-B403-423C-9911-C34DDCA8AABF}.Debug|Any CPU.ActiveCfg = Debug|Any CPU
		{A95FA757-B403-423C-9911-C34DDCA8AABF}.Debug|Any CPU.Build.0 = Debug|Any CPU
		{A95FA757-B403-423C-9911-C34DDCA8AABF}.Release|Any CPU.ActiveCfg = Release|Any CPU
		{A95FA757-B403-423C-9911-C34DDCA8AABF}.Release|Any CPU.Build.0 = Release|Any CPU
		{33AD5111-95A4-46A0-80C3-3BDA1114A497}.Debug|Any CPU.ActiveCfg = Debug|Any CPU
		{33AD5111-95A4-46A0-80C3-3BDA1114A497}.Debug|Any CPU.Build.0 = Debug|Any CPU
		{33AD5111-95A4-46A0-80C3-3BDA1114A497}.Release|Any CPU.ActiveCfg = Release|Any CPU
		{33AD5111-95A4-46A0-80C3-3BDA1114A497}.Release|Any CPU.Build.0 = Release|Any CPU
		{99F2C92A-FB51-4C14-8235-3E7825F638C9}.Debug|Any CPU.ActiveCfg = Debug|Any CPU
		{99F2C92A-FB51-4C14-8235-3E7825F638C9}.Debug|Any CPU.Build.0 = Debug|Any CPU
		{99F2C92A-FB51-4C14-8235-3E7825F638C9}.Release|Any CPU.ActiveCfg = Release|Any CPU
		{99F2C92A-FB51-4C14-8235-3E7825F638C9}.Release|Any CPU.Build.0 = Release|Any CPU
		{44D7DBE0-CBF6-47A9-A5E0-E5D3E6B04238}.Debug|Any CPU.ActiveCfg = Debug|Any CPU
		{44D7DBE0-CBF6-47A9-A5E0-E5D3E6B04238}.Debug|Any CPU.Build.0 = Debug|Any CPU
		{44D7DBE0-CBF6-47A9-A5E0-E5D3E6B04238}.Release|Any CPU.ActiveCfg = Release|Any CPU
		{44D7DBE0-CBF6-47A9-A5E0-E5D3E6B04238}.Release|Any CPU.Build.0 = Release|Any CPU
		{7BE98F2D-961D-46B1-806F-AF7896453ACA}.Debug|Any CPU.ActiveCfg = Debug|Any CPU
		{7BE98F2D-961D-46B1-806F-AF7896453ACA}.Debug|Any CPU.Build.0 = Debug|Any CPU
		{7BE98F2D-961D-46B1-806F-AF7896453ACA}.Release|Any CPU.ActiveCfg = Release|Any CPU
		{7BE98F2D-961D-46B1-806F-AF7896453ACA}.Release|Any CPU.Build.0 = Release|Any CPU
		{44B49CD0-98BD-4284-AF33-EE7432AC986C}.Debug|Any CPU.ActiveCfg = Debug|Any CPU
		{44B49CD0-98BD-4284-AF33-EE7432AC986C}.Debug|Any CPU.Build.0 = Debug|Any CPU
		{44B49CD0-98BD-4284-AF33-EE7432AC986C}.Release|Any CPU.ActiveCfg = Release|Any CPU
		{44B49CD0-98BD-4284-AF33-EE7432AC986C}.Release|Any CPU.Build.0 = Release|Any CPU
		{281DCFAF-269D-4607-86E1-1CA8C03292DB}.Debug|Any CPU.ActiveCfg = Debug|Any CPU
		{281DCFAF-269D-4607-86E1-1CA8C03292DB}.Debug|Any CPU.Build.0 = Debug|Any CPU
		{281DCFAF-269D-4607-86E1-1CA8C03292DB}.Release|Any CPU.ActiveCfg = Release|Any CPU
		{281DCFAF-269D-4607-86E1-1CA8C03292DB}.Release|Any CPU.Build.0 = Release|Any CPU
		{984D2EEE-15B4-48DA-8C39-9EFB76AEEAB4}.Debug|Any CPU.ActiveCfg = Debug|Any CPU
		{984D2EEE-15B4-48DA-8C39-9EFB76AEEAB4}.Debug|Any CPU.Build.0 = Debug|Any CPU
		{984D2EEE-15B4-48DA-8C39-9EFB76AEEAB4}.Release|Any CPU.ActiveCfg = Release|Any CPU
		{984D2EEE-15B4-48DA-8C39-9EFB76AEEAB4}.Release|Any CPU.Build.0 = Release|Any CPU
		{2DECB60C-B7D8-47F2-9361-5D156E307E0D}.Debug|Any CPU.ActiveCfg = Debug|Any CPU
		{2DECB60C-B7D8-47F2-9361-5D156E307E0D}.Debug|Any CPU.Build.0 = Debug|Any CPU
		{2DECB60C-B7D8-47F2-9361-5D156E307E0D}.Release|Any CPU.ActiveCfg = Release|Any CPU
		{2DECB60C-B7D8-47F2-9361-5D156E307E0D}.Release|Any CPU.Build.0 = Release|Any CPU
		{E8788D5D-6732-4388-B412-641F308CA8C5}.Debug|Any CPU.ActiveCfg = Debug|Any CPU
		{E8788D5D-6732-4388-B412-641F308CA8C5}.Debug|Any CPU.Build.0 = Debug|Any CPU
		{E8788D5D-6732-4388-B412-641F308CA8C5}.Release|Any CPU.ActiveCfg = Release|Any CPU
		{E8788D5D-6732-4388-B412-641F308CA8C5}.Release|Any CPU.Build.0 = Release|Any CPU
		{3C17F9F5-EF6A-479F-A3FD-3ED409F4FE68}.Debug|Any CPU.ActiveCfg = Debug|Any CPU
		{3C17F9F5-EF6A-479F-A3FD-3ED409F4FE68}.Debug|Any CPU.Build.0 = Debug|Any CPU
		{3C17F9F5-EF6A-479F-A3FD-3ED409F4FE68}.Release|Any CPU.ActiveCfg = Release|Any CPU
		{3C17F9F5-EF6A-479F-A3FD-3ED409F4FE68}.Release|Any CPU.Build.0 = Release|Any CPU
		{96A3592A-2C63-4D94-851C-96A561C73651}.Debug|Any CPU.ActiveCfg = Debug|Any CPU
		{96A3592A-2C63-4D94-851C-96A561C73651}.Debug|Any CPU.Build.0 = Debug|Any CPU
		{96A3592A-2C63-4D94-851C-96A561C73651}.Release|Any CPU.ActiveCfg = Release|Any CPU
		{96A3592A-2C63-4D94-851C-96A561C73651}.Release|Any CPU.Build.0 = Release|Any CPU
		{1154B898-6A08-46BB-BE18-7048C2D491BD}.Debug|Any CPU.ActiveCfg = Debug|Any CPU
		{1154B898-6A08-46BB-BE18-7048C2D491BD}.Debug|Any CPU.Build.0 = Debug|Any CPU
		{1154B898-6A08-46BB-BE18-7048C2D491BD}.Release|Any CPU.ActiveCfg = Release|Any CPU
		{1154B898-6A08-46BB-BE18-7048C2D491BD}.Release|Any CPU.Build.0 = Release|Any CPU
		{B4F058D2-66D3-47C7-A36A-115B150A2C6D}.Debug|Any CPU.ActiveCfg = Debug|Any CPU
		{B4F058D2-66D3-47C7-A36A-115B150A2C6D}.Debug|Any CPU.Build.0 = Debug|Any CPU
		{B4F058D2-66D3-47C7-A36A-115B150A2C6D}.Release|Any CPU.ActiveCfg = Release|Any CPU
		{B4F058D2-66D3-47C7-A36A-115B150A2C6D}.Release|Any CPU.Build.0 = Release|Any CPU
		{3EA90029-7A5B-4D7A-A033-A67CBF9DAFD1}.Debug|Any CPU.ActiveCfg = Debug|Any CPU
		{3EA90029-7A5B-4D7A-A033-A67CBF9DAFD1}.Debug|Any CPU.Build.0 = Debug|Any CPU
		{3EA90029-7A5B-4D7A-A033-A67CBF9DAFD1}.Release|Any CPU.ActiveCfg = Release|Any CPU
		{3EA90029-7A5B-4D7A-A033-A67CBF9DAFD1}.Release|Any CPU.Build.0 = Release|Any CPU
	EndGlobalSection
	GlobalSection(SolutionProperties) = preSolution
		HideSolutionNode = FALSE
	EndGlobalSection
	GlobalSection(NestedProjects) = preSolution
		{4B0253E9-68B8-46D5-B5F9-56B4888209AA} = {B6B043C3-41B8-46D5-8461-5F59F5EF9A4D}
		{A95FA757-B403-423C-9911-C34DDCA8AABF} = {F9E6381E-91F4-42CF-8B65-CEBFB43FD458}
		{33AD5111-95A4-46A0-80C3-3BDA1114A497} = {03839030-EC58-4108-81F1-4D6FE6301563}
		{99F2C92A-FB51-4C14-8235-3E7825F638C9} = {D010928B-F770-427B-9069-6941A6027099}
		{44D7DBE0-CBF6-47A9-A5E0-E5D3E6B04238} = {6FF21C8B-939D-4FF5-8C37-B9866A2DF26F}
		{7BE98F2D-961D-46B1-806F-AF7896453ACA} = {6FF21C8B-939D-4FF5-8C37-B9866A2DF26F}
		{44B49CD0-98BD-4284-AF33-EE7432AC986C} = {6FF21C8B-939D-4FF5-8C37-B9866A2DF26F}
		{281DCFAF-269D-4607-86E1-1CA8C03292DB} = {6FF21C8B-939D-4FF5-8C37-B9866A2DF26F}
		{984D2EEE-15B4-48DA-8C39-9EFB76AEEAB4} = {6FF21C8B-939D-4FF5-8C37-B9866A2DF26F}
		{2DECB60C-B7D8-47F2-9361-5D156E307E0D} = {6FF21C8B-939D-4FF5-8C37-B9866A2DF26F}
		{E8788D5D-6732-4388-B412-641F308CA8C5} = {6FF21C8B-939D-4FF5-8C37-B9866A2DF26F}
		{3C17F9F5-EF6A-479F-A3FD-3ED409F4FE68} = {6FF21C8B-939D-4FF5-8C37-B9866A2DF26F}
		{96A3592A-2C63-4D94-851C-96A561C73651} = {63348ED8-BA61-4547-94FB-1000F7900205}
		{1154B898-6A08-46BB-BE18-7048C2D491BD} = {F510FF2A-235A-46EF-B4E7-58F473633BF3}
		{B4F058D2-66D3-47C7-A36A-115B150A2C6D} = {6FF21C8B-939D-4FF5-8C37-B9866A2DF26F}
		{3EA90029-7A5B-4D7A-A033-A67CBF9DAFD1} = {71B7BDD4-0E84-4F0B-9899-08BA1862F129}
	EndGlobalSection
	GlobalSection(ExtensibilityGlobals) = postSolution
		SolutionGuid = {A20CE7B8-DE31-4734-925E-C61BE4B81576}
		VisualSVNWorkingCopyRoot = .
	EndGlobalSection
EndGlobal
